Microsoft Visual Studio Solution File, Format Version 12.00
# Visual Studio Version 17
VisualStudioVersion = 17.0.31903.59
MinimumVisualStudioVersion = 10.0.40219.1
Project("{FAE04EC0-301F-11D3-BF4B-00C04F79EFBC}") = "DotnetForge.Api", "src\DotnetForge.Api\DotnetForge.Api.csproj", "{633D62B8-AB23-4273-8720-0029F44B4CEE}"
EndProject
Project("{FAE04EC0-301F-11D3-BF4B-00C04F79EFBC}") = "DotnetForge.Application", "src\DotnetForge.Application\DotnetForge.Application.csproj", "{567E5A0D-EC5F-4809-A44D-6CD6CDB5BE4F}"
EndProject
Project("{FAE04EC0-301F-11D3-BF4B-00C04F79EFBC}") = "DotnetForge.Domain", "src\DotnetForge.Domain\DotnetForge.Domain.csproj", "{511E3C12-133E-4475-8B68-27072A63BA11}"
EndProject
Project("{FAE04EC0-301F-11D3-BF4B-00C04F79EFBC}") = "DotnetForge.Infrastructure", "src\DotnetForge.Infrastructure\DotnetForge.Infrastructure.csproj", "{BCD69CBF-8D37-4D1C-8A44-EC91F8F8B289}"
EndProject
Project("{FAE04EC0-301F-11D3-BF4B-00C04F79EFBC}") = "DotnetForge.Worker", "src\DotnetForge.Worker\DotnetForge.Worker.csproj", "{123ADF0E-3BC3-46EA-8B4A-C25892B4BC29}"
EndProject
Project("{FAE04EC0-301F-11D3-BF4B-00C04F79EFBC}") = "DotnetForge.Api.Tests", "tests\DotnetForge.Api.Tests\DotnetForge.Api.Tests.csproj", "{CB8DE7C5-DF3C-46E7-A650-793F6FD62089}"
EndProject
Project("{FAE04EC0-301F-11D3-BF4B-00C04F79EFBC}") = "DotnetForge.Application.Tests", "tests\DotnetForge.Application.Tests\DotnetForge.Application.Tests.csproj", "{48DEC2E0-CA72-470D-B04C-EC9FD2A864E6}"
EndProject
Project("{FAE04EC0-301F-11D3-BF4B-00C04F79EFBC}") = "DotnetForge.Domain.Tests", "tests\DotnetForge.Domain.Tests\DotnetForge.Domain.Tests.csproj", "{4741F27C-89D7-45AE-9C3A-3BDB9896617E}"
EndProject
Project("{FAE04EC0-301F-11D3-BF4B-00C04F79EFBC}") = "DotnetForge.Infrastructure.Tests", "tests\DotnetForge.Infrastructure.Tests\DotnetForge.Infrastructure.Tests.csproj", "{B047C532-1D12-417A-B2C7-E728A8A55028}"
EndProject
Project("{FAE04EC0-301F-11D3-BF4B-00C04F79EFBC}") = "DotnetForge.Worker.Tests", "tests\DotnetForge.Worker.Tests\DotnetForge.Worker.Tests.csproj", "{E4D33FDB-2BDE-4B61-94AC-44D5A945FA6B}"
EndProject
Global
	GlobalSection(SolutionConfigurationPlatforms) = preSolution
		Debug|Any CPU = Debug|Any CPU
		Release|Any CPU = Release|Any CPU
	EndGlobalSection
	GlobalSection(ProjectConfigurationPlatforms) = postSolution
		{633D62B8-AB23-4273-8720-0029F44B4CEE}.Debug|Any CPU.ActiveCfg = Debug|Any CPU
		{633D62B8-AB23-4273-8720-0029F44B4CEE}.Debug|Any CPU.Build.0 = Debug|Any CPU
		{633D62B8-AB23-4273-8720-0029F44B4CEE}.Release|Any CPU.ActiveCfg = Release|Any CPU
		{633D62B8-AB23-4273-8720-0029F44B4CEE}.Release|Any CPU.Build.0 = Release|Any CPU
		{567E5A0D-EC5F-4809-A44D-6CD6CDB5BE4F}.Debug|Any CPU.ActiveCfg = Debug|Any CPU
		{567E5A0D-EC5F-4809-A44D-6CD6CDB5BE4F}.Debug|Any CPU.Build.0 = Debug|Any CPU
		{567E5A0D-EC5F-4809-A44D-6CD6CDB5BE4F}.Release|Any CPU.ActiveCfg = Release|Any CPU
		{567E5A0D-EC5F-4809-A44D-6CD6CDB5BE4F}.Release|Any CPU.Build.0 = Release|Any CPU
		{511E3C12-133E-4475-8B68-27072A63BA11}.Debug|Any CPU.ActiveCfg = Debug|Any CPU
		{511E3C12-133E-4475-8B68-27072A63BA11}.Debug|Any CPU.Build.0 = Debug|Any CPU
		{511E3C12-133E-4475-8B68-27072A63BA11}.Release|Any CPU.ActiveCfg = Release|Any CPU
		{511E3C12-133E-4475-8B68-27072A63BA11}.Release|Any CPU.Build.0 = Release|Any CPU
		{BCD69CBF-8D37-4D1C-8A44-EC91F8F8B289}.Debug|Any CPU.ActiveCfg = Debug|Any CPU
		{BCD69CBF-8D37-4D1C-8A44-EC91F8F8B289}.Debug|Any CPU.Build.0 = Debug|Any CPU
		{BCD69CBF-8D37-4D1C-8A44-EC91F8F8B289}.Release|Any CPU.ActiveCfg = Release|Any CPU
		{BCD69CBF-8D37-4D1C-8A44-EC91F8F8B289}.Release|Any CPU.Build.0 = Release|Any CPU
		{123ADF0E-3BC3-46EA-8B4A-C25892B4BC29}.Debug|Any CPU.ActiveCfg = Debug|Any CPU
		{123ADF0E-3BC3-46EA-8B4A-C25892B4BC29}.Debug|Any CPU.Build.0 = Debug|Any CPU
		{123ADF0E-3BC3-46EA-8B4A-C25892B4BC29}.Release|Any CPU.ActiveCfg = Release|Any CPU
		{123ADF0E-3BC3-46EA-8B4A-C25892B4BC29}.Release|Any CPU.Build.0 = Release|Any CPU
		{CB8DE7C5-DF3C-46E7-A650-793F6FD62089}.Debug|Any CPU.ActiveCfg = Debug|Any CPU
		{CB8DE7C5-DF3C-46E7-A650-793F6FD62089}.Debug|Any CPU.Build.0 = Debug|Any CPU
		{CB8DE7C5-DF3C-46E7-A650-793F6FD62089}.Release|Any CPU.ActiveCfg = Release|Any CPU
		{CB8DE7C5-DF3C-46E7-A650-793F6FD62089}.Release|Any CPU.Build.0 = Release|Any CPU
		{48DEC2E0-CA72-470D-B04C-EC9FD2A864E6}.Debug|Any CPU.ActiveCfg = Debug|Any CPU
		{48DEC2E0-CA72-470D-B04C-EC9FD2A864E6}.Debug|Any CPU.Build.0 = Debug|Any CPU
		{48DEC2E0-CA72-470D-B04C-EC9FD2A864E6}.Release|Any CPU.ActiveCfg = Release|Any CPU
		{48DEC2E0-CA72-470D-B04C-EC9FD2A864E6}.Release|Any CPU.Build.0 = Release|Any CPU
		{4741F27C-89D7-45AE-9C3A-3BDB9896617E}.Debug|Any CPU.ActiveCfg = Debug|Any CPU
		{4741F27C-89D7-45AE-9C3A-3BDB9896617E}.Debug|Any CPU.Build.0 = Debug|Any CPU
		{4741F27C-89D7-45AE-9C3A-3BDB9896617E}.Release|Any CPU.ActiveCfg = Release|Any CPU
		{4741F27C-89D7-45AE-9C3A-3BDB9896617E}.Release|Any CPU.Build.0 = Release|Any CPU
		{B047C532-1D12-417A-B2C7-E728A8A55028}.Debug|Any CPU.ActiveCfg = Debug|Any CPU
		{B047C532-1D12-417A-B2C7-E728A8A55028}.Debug|Any CPU.Build.0 = Debug|Any CPU
		{B047C532-1D12-417A-B2C7-E728A8A55028}.Release|Any CPU.ActiveCfg = Release|Any CPU
		{B047C532-1D12-417A-B2C7-E728A8A55028}.Release|Any CPU.Build.0 = Release|Any CPU
		{E4D33FDB-2BDE-4B61-94AC-44D5A945FA6B}.Debug|Any CPU.ActiveCfg = Debug|Any CPU
		{E4D33FDB-2BDE-4B61-94AC-44D5A945FA6B}.Debug|Any CPU.Build.0 = Debug|Any CPU
		{E4D33FDB-2BDE-4B61-94AC-44D5A945FA6B}.Release|Any CPU.ActiveCfg = Release|Any CPU
		{E4D33FDB-2BDE-4B61-94AC-44D5A945FA6B}.Release|Any CPU.Build.0 = Release|Any CPU
	EndGlobalSection
EndGlobal
